// !$*UTF8*$!
{
	archiveVersion = 1;
	classes = {
	};
	objectVersion = 55;
	objects = {

/* Begin PBXBuildFile section */
		8C497971275957D50047D512 /* AppSUI01HWApp.swift in Sources */ = {isa = PBXBuildFile; fileRef = 8C497970275957D50047D512 /* AppSUI01HWApp.swift */; };
		8C497973275957D50047D512 /* ContentView.swift in Sources */ = {isa = PBXBuildFile; fileRef = 8C497972275957D50047D512 /* ContentView.swift */; };
		8C497975275957D60047D512 /* Assets.xcassets in Resources */ = {isa = PBXBuildFile; fileRef = 8C497974275957D60047D512 /* Assets.xcassets */; };
		8C497978275957D60047D512 /* Preview Assets.xcassets in Resources */ = {isa = PBXBuildFile; fileRef = 8C497977275957D60047D512 /* Preview Assets.xcassets */; };
		8C5416DE275BCD08002F63AB /* Food.swift in Sources */ = {isa = PBXBuildFile; fileRef = 8C5416DD275BCD08002F63AB /* Food.swift */; };
		8C5416E2275BEF53002F63AB /* NetworkManager.swift in Sources */ = {isa = PBXBuildFile; fileRef = 8C5416E1275BEF53002F63AB /* NetworkManager.swift */; };
		8C6008C6275A9761001509D7 /* DashboardView.swift in Sources */ = {isa = PBXBuildFile; fileRef = 8C6008C5275A9761001509D7 /* DashboardView.swift */; };
		8C6008CA275AA8DB001509D7 /* FoodListView.swift in Sources */ = {isa = PBXBuildFile; fileRef = 8C6008C9275AA8DB001509D7 /* FoodListView.swift */; };
		8C6008CC275AA905001509D7 /* SettingsView.swift in Sources */ = {isa = PBXBuildFile; fileRef = 8C6008CB275AA905001509D7 /* SettingsView.swift */; };
		8C7BEDFB275CD48A00103708 /* FoodDetailView.swift in Sources */ = {isa = PBXBuildFile; fileRef = 8C7BEDFA275CD48A00103708 /* FoodDetailView.swift */; };
/* End PBXBuildFile section */

/* Begin PBXFileReference section */
		8C49796D275957D50047D512 /* AppSUI01HW.app */ = {isa = PBXFileReference; explicitFileType = wrapper.application; includeInIndex = 0; path = AppSUI01HW.app; sourceTree = BUILT_PRODUCTS_DIR; };
		8C497970275957D50047D512 /* AppSUI01HWApp.swift */ = {isa = PBXFileReference; lastKnownFileType = sourcecode.swift; path = AppSUI01HWApp.swift; sourceTree = "<group>"; };
		8C497972275957D50047D512 /* ContentView.swift */ = {isa = PBXFileReference; lastKnownFileType = sourcecode.swift; path = ContentView.swift; sourceTree = "<group>"; };
		8C497974275957D60047D512 /* Assets.xcassets */ = {isa = PBXFileReference; lastKnownFileType = folder.assetcatalog; path = Assets.xcassets; sourceTree = "<group>"; };
		8C497977275957D60047D512 /* Preview Assets.xcassets */ = {isa = PBXFileReference; lastKnownFileType = folder.assetcatalog; path = "Preview Assets.xcassets"; sourceTree = "<group>"; };
		8C5416DD275BCD08002F63AB /* Food.swift */ = {isa = PBXFileReference; lastKnownFileType = sourcecode.swift; path = Food.swift; sourceTree = "<group>"; };
		8C5416E1275BEF53002F63AB /* NetworkManager.swift */ = {isa = PBXFileReference; lastKnownFileType = sourcecode.swift; path = NetworkManager.swift; sourceTree = "<group>"; };
		8C6008C5275A9761001509D7 /* DashboardView.swift */ = {isa = PBXFileReference; lastKnownFileType = sourcecode.swift; path = DashboardView.swift; sourceTree = "<group>"; };
		8C6008C9275AA8DB001509D7 /* FoodListView.swift */ = {isa = PBXFileReference; lastKnownFileType = sourcecode.swift; path = FoodListView.swift; sourceTree = "<group>"; };
		8C6008CB275AA905001509D7 /* SettingsView.swift */ = {isa = PBXFileReference; lastKnownFileType = sourcecode.swift; path = SettingsView.swift; sourceTree = "<group>"; };
		8C7BEDFA275CD48A00103708 /* FoodDetailView.swift */ = {isa = PBXFileReference; lastKnownFileType = sourcecode.swift; path = FoodDetailView.swift; sourceTree = "<group>"; };
/* End PBXFileReference section */

/* Begin PBXFrameworksBuildPhase section */
		8C49796A275957D50047D512 /* Frameworks */ = {
			isa = PBXFrameworksBuildPhase;
			buildActionMask = 2147483647;
			files = (
			);
			runOnlyForDeploymentPostprocessing = 0;
		};
/* End PBXFrameworksBuildPhase section */

/* Begin PBXGroup section */
		8C497964275957D50047D512 = {
			isa = PBXGroup;
			children = (
				8C49796F275957D50047D512 /* AppSUI01HW */,
				8C49796E275957D50047D512 /* Products */,
			);
			sourceTree = "<group>";
		};
		8C49796E275957D50047D512 /* Products */ = {
			isa = PBXGroup;
			children = (
				8C49796D275957D50047D512 /* AppSUI01HW.app */,
			);
			name = Products;
			sourceTree = "<group>";
		};
		8C49796F275957D50047D512 /* AppSUI01HW */ = {
			isa = PBXGroup;
			children = (
				8C497970275957D50047D512 /* AppSUI01HWApp.swift */,
				8C497972275957D50047D512 /* ContentView.swift */,
				8C6008C5275A9761001509D7 /* DashboardView.swift */,
				8C6008C9275AA8DB001509D7 /* FoodListView.swift */,
				8C6008CB275AA905001509D7 /* SettingsView.swift */,
				8C5416DD275BCD08002F63AB /* Food.swift */,
				8C7BEDFA275CD48A00103708 /* FoodDetailView.swift */,
				8C5416E1275BEF53002F63AB /* NetworkManager.swift */,
				8C497974275957D60047D512 /* Assets.xcassets */,
				8C497976275957D60047D512 /* Preview Content */,
			);
			path = AppSUI01HW;
			sourceTree = "<group>";
		};
		8C497976275957D60047D512 /* Preview Content */ = {
			isa = PBXGroup;
			children = (
				8C497977275957D60047D512 /* Preview Assets.xcassets */,
			);
			path = "Preview Content";
			sourceTree = "<group>";
		};
/* End PBXGroup section */

/* Begin PBXNativeTarget section */
		8C49796C275957D50047D512 /* AppSUI01HW */ = {
			isa = PBXNativeTarget;
			buildConfigurationList = 8C49797B275957D60047D512 /* Build configuration list for PBXNativeTarget "AppSUI01HW" */;
			buildPhases = (
				8C497969275957D50047D512 /* Sources */,
				8C49796A275957D50047D512 /* Frameworks */,
				8C49796B275957D50047D512 /* Resources */,
			);
			buildRules = (
			);
			dependencies = (
			);
			name = AppSUI01HW;
			productName = AppSUI01HW;
			productReference = 8C49796D275957D50047D512 /* AppSUI01HW.app */;
			productType = "com.apple.product-type.application";
		};
/* End PBXNativeTarget section */

/* Begin PBXProject section */
		8C497965275957D50047D512 /* Project object */ = {
			isa = PBXProject;
			attributes = {
				BuildIndependentTargetsInParallel = 1;
				LastSwiftUpdateCheck = 1310;
				LastUpgradeCheck = 1310;
				TargetAttributes = {
					8C49796C275957D50047D512 = {
						CreatedOnToolsVersion = 13.1;
					};
				};
			};
			buildConfigurationList = 8C497968275957D50047D512 /* Build configuration list for PBXProject "AppSUI01HW" */;
			compatibilityVersion = "Xcode 13.0";
			developmentRegion = en;
			hasScannedForEncodings = 0;
			knownRegions = (
				en,
				Base,
			);
			mainGroup = 8C497964275957D50047D512;
			productRefGroup = 8C49796E275957D50047D512 /* Products */;
			projectDirPath = "";
			projectRoot = "";
			targets = (
				8C49796C275957D50047D512 /* AppSUI01HW */,
			);
		};
/* End PBXProject section */

/* Begin PBXResourcesBuildPhase section */
		8C49796B275957D50047D512 /* Resources */ = {
			isa = PBXResourcesBuildPhase;
			buildActionMask = 2147483647;
			files = (
				8C497978275957D60047D512 /* Preview Assets.xcassets in Resources */,
				8C497975275957D60047D512 /* Assets.xcassets in Resources */,
			);
			runOnlyForDeploymentPostprocessing = 0;
		};
/* End PBXResourcesBuildPhase section */

/* Begin PBXSourcesBuildPhase section */
		8C497969275957D50047D512 /* Sources */ = {
			isa = PBXSourcesBuildPhase;
			buildActionMask = 2147483647;
			files = (
				8C5416DE275BCD08002F63AB /* Food.swift in Sources */,
				8C497973275957D50047D512 /* ContentView.swift in Sources */,
				8C497971275957D50047D512 /* AppSUI01HWApp.swift in Sources */,
				8C6008C6275A9761001509D7 /* DashboardView.swift in Sources */,
				8C5416E2275BEF53002F63AB /* NetworkManager.swift in Sources */,
				8C7BEDFB275CD48A00103708 /* FoodDetailView.swift in Sources */,
				8C6008CA275AA8DB001509D7 /* FoodListView.swift in Sources */,
				8C6008CC275AA905001509D7 /* SettingsView.swift in Sources */,
			);
			runOnlyForDeploymentPostprocessing = 0;
		};
/* End PBXSourcesBuildPhase section */

/* Begin XCBuildConfiguration section */
		8C497979275957D60047D512 /* Debug */ = {
			isa = XCBuildConfiguration;
			buildSettings = {
				ALWAYS_SEARCH_USER_PATHS = NO;
				CLANG_ANALYZER_NONNULL = YES;
				CLANG_ANALYZER_NUMBER_OBJECT_CONVERSION = YES_AGGRESSIVE;
				CLANG_CXX_LANGUAGE_STANDARD = "gnu++17";
				CLANG_CXX_LIBRARY = "libc++";
				CLANG_ENABLE_MODULES = YES;
				CLANG_ENABLE_OBJC_ARC = YES;
				CLANG_ENABLE_OBJC_WEAK = YES;
				CLANG_WARN_BLOCK_CAPTURE_AUTORELEASING = YES;
				CLANG_WARN_BOOL_CONVERSION = YES;
				CLANG_WARN_COMMA = YES;
				CLANG_WARN_CONSTANT_CONVERSION = YES;
				CLANG_WARN_DEPRECATED_OBJC_IMPLEMENTATIONS = YES;
				CLANG_WARN_DIRECT_OBJC_ISA_USAGE = YES_ERROR;
				CLANG_WARN_DOCUMENTATION_COMMENTS = YES;
				CLANG_WARN_EMPTY_BODY = YES;
				CLANG_WARN_ENUM_CONVERSION = YES;
				CLANG_WARN_INFINITE_RECURSION = YES;
				CLANG_WARN_INT_CONVERSION = YES;
				CLANG_WARN_NON_LITERAL_NULL_CONVERSION = YES;
				CLANG_WARN_OBJC_IMPLICIT_RETAIN_SELF = YES;
				CLANG_WARN_OBJC_LITERAL_CONVERSION = YES;
				CLANG_WARN_OBJC_ROOT_CLASS = YES_ERROR;
				CLANG_WARN_QUOTED_INCLUDE_IN_FRAMEWORK_HEADER = YES;
				CLANG_WARN_RANGE_LOOP_ANALYSIS = YES;
				CLANG_WARN_STRICT_PROTOTYPES = YES;
				CLANG_WARN_SUSPICIOUS_MOVE = YES;
				CLANG_WARN_UNGUARDED_AVAILABILITY = YES_AGGRESSIVE;
				CLANG_WARN_UNREACHABLE_CODE = YES;
				CLANG_WARN__DUPLICATE_METHOD_MATCH = YES;
				COPY_PHASE_STRIP = NO;
				DEBUG_INFORMATION_FORMAT = dwarf;
				ENABLE_STRICT_OBJC_MSGSEND = YES;
				ENABLE_TESTABILITY = YES;
				GCC_C_LANGUAGE_STANDARD = gnu11;
				GCC_DYNAMIC_NO_PIC = NO;
				GCC_NO_COMMON_BLOCKS = YES;
				GCC_OPTIMIZATION_LEVEL = 0;
				GCC_PREPROCESSOR_DEFINITIONS = (
					"DEBUG=1",
					"$(inherited)",
				);
				GCC_WARN_64_TO_32_BIT_CONVERSION = YES;
				GCC_WARN_ABOUT_RETURN_TYPE = YES_ERROR;
				GCC_WARN_UNDECLARED_SELECTOR = YES;
				GCC_WARN_UNINITIALIZED_AUTOS = YES_AGGRESSIVE;
				GCC_WARN_UNUSED_FUNCTION = YES;
				GCC_WARN_UNUSED_VARIABLE = YES;
				IPHONEOS_DEPLOYMENT_TARGET = 15.0;
				MTL_ENABLE_DEBUG_INFO = INCLUDE_SOURCE;
				MTL_FAST_MATH = YES;
				ONLY_ACTIVE_ARCH = YES;
				SDKROOT = iphoneos;
				SWIFT_ACTIVE_COMPILATION_CONDITIONS = DEBUG;
				SWIFT_OPTIMIZATION_LEVEL = "-Onone";
			};
			name = Debug;
		};
		8C49797A275957D60047D512 /* Release */ = {
			isa = XCBuildConfiguration;
			buildSettings = {
				ALWAYS_SEARCH_USER_PATHS = NO;
				CLANG_ANALYZER_NONNULL = YES;
				CLANG_ANALYZER_NUMBER_OBJECT_CONVERSION = YES_AGGRESSIVE;
				CLANG_CXX_LANGUAGE_STANDARD = "gnu++17";
				CLANG_CXX_LIBRARY = "libc++";
				CLANG_ENABLE_MODULES = YES;
				CLANG_ENABLE_OBJC_ARC = YES;
				CLANG_ENABLE_OBJC_WEAK = YES;
				CLANG_WARN_BLOCK_CAPTURE_AUTORELEASING = YES;
				CLANG_WARN_BOOL_CONVERSION = YES;
				CLANG_WARN_COMMA = YES;
				CLANG_WARN_CONSTANT_CONVERSION = YES;
				CLANG_WARN_DEPRECATED_OBJC_IMPLEMENTATIONS = YES;
				CLANG_WARN_DIRECT_OBJC_ISA_USAGE = YES_ERROR;
				CLANG_WARN_DOCUMENTATION_COMMENTS = YES;
				CLANG_WARN_EMPTY_BODY = YES;
				CLANG_WARN_ENUM_CONVERSION = YES;
				CLANG_WARN_INFINITE_RECURSION = YES;
				CLANG_WARN_INT_CONVERSION = YES;
				CLANG_WARN_NON_LITERAL_NULL_CONVERSION = YES;
				CLANG_WARN_OBJC_IMPLICIT_RETAIN_SELF = YES;
				CLANG_WARN_OBJC_LITERAL_CONVERSION = YES;
				CLANG_WARN_OBJC_ROOT_CLASS = YES_ERROR;
				CLANG_WARN_QUOTED_INCLUDE_IN_FRAMEWORK_HEADER = YES;
				CLANG_WARN_RANGE_LOOP_ANALYSIS = YES;
				CLANG_WARN_STRICT_PROTOTYPES = YES;
				CLANG_WARN_SUSPICIOUS_MOVE = YES;
				CLANG_WARN_UNGUARDED_AVAILABILITY = YES_AGGRESSIVE;
				CLANG_WARN_UNREACHABLE_CODE = YES;
				CLANG_WARN__DUPLICATE_METHOD_MATCH = YES;
				COPY_PHASE_STRIP = NO;
				DEBUG_INFORMATION_FORMAT = "dwarf-with-dsym";
				ENABLE_NS_ASSERTIONS = NO;
				ENABLE_STRICT_OBJC_MSGSEND = YES;
				GCC_C_LANGUAGE_STANDARD = gnu11;
				GCC_NO_COMMON_BLOCKS = YES;
				GCC_WARN_64_TO_32_BIT_CONVERSION = YES;
				GCC_WARN_ABOUT_RETURN_TYPE = YES_ERROR;
				GCC_WARN_UNDECLARED_SELECTOR = YES;
				GCC_WARN_UNINITIALIZED_AUTOS = YES_AGGRESSIVE;
				GCC_WARN_UNUSED_FUNCTION = YES;
				GCC_WARN_UNUSED_VARIABLE = YES;
				IPHONEOS_DEPLOYMENT_TARGET = 15.0;
				MTL_ENABLE_DEBUG_INFO = NO;
				MTL_FAST_MATH = YES;
				SDKROOT = iphoneos;
				SWIFT_COMPILATION_MODE = wholemodule;
				SWIFT_OPTIMIZATION_LEVEL = "-O";
				VALIDATE_PRODUCT = YES;
			};
			name = Release;
		};
		8C49797C275957D60047D512 /* Debug */ = {
			isa = XCBuildConfiguration;
			buildSettings = {
				ASSETCATALOG_COMPILER_APPICON_NAME = AppIcon;
				ASSETCATALOG_COMPILER_GLOBAL_ACCENT_COLOR_NAME = AccentColor;
				CODE_SIGN_STYLE = Automatic;
				CURRENT_PROJECT_VERSION = 1;
				DEVELOPMENT_ASSET_PATHS = "\"AppSUI01HW/Preview Content\"";
				DEVELOPMENT_TEAM = UQ9MX864MH;
				ENABLE_PREVIEWS = YES;
				GENERATE_INFOPLIST_FILE = YES;
				INFOPLIST_KEY_UIApplicationSceneManifest_Generation = YES;
				INFOPLIST_KEY_UIApplicationSupportsIndirectInputEvents = YES;
				INFOPLIST_KEY_UILaunchScreen_Generation = YES;
				INFOPLIST_KEY_UISupportedInterfaceOrientations_iPad = "UIInterfaceOrientationPortrait UIInterfaceOrientationPortraitUpsideDown UIInterfaceOrientationLandscapeLeft UIInterfaceOrientationLandscapeRight";
				INFOPLIST_KEY_UISupportedInterfaceOrientations_iPhone = "UIInterfaceOrientationPortrait UIInterfaceOrientationLandscapeLeft UIInterfaceOrientationLandscapeRight";
				LD_RUNPATH_SEARCH_PATHS = (
					"$(inherited)",
					"@executable_path/Frameworks",
				);
				MARKETING_VERSION = 1.0;
				PRODUCT_BUNDLE_IDENTIFIER = com.zakk.AppSUI01HW;
				PRODUCT_NAME = "$(TARGET_NAME)";
				SWIFT_EMIT_LOC_STRINGS = YES;
				SWIFT_VERSION = 5.0;
				TARGETED_DEVICE_FAMILY = "1,2";
			};
			name = Debug;
		};
		8C49797D275957D60047D512 /* Release */ = {
			isa = XCBuildConfiguration;
			buildSettings = {
				ASSETCATALOG_COMPILER_APPICON_NAME = AppIcon;
				ASSETCATALOG_COMPILER_GLOBAL_ACCENT_COLOR_NAME = AccentColor;
				CODE_SIGN_STYLE = Automatic;
				CURRENT_PROJECT_VERSION = 1;
				DEVELOPMENT_ASSET_PATHS = "\"AppSUI01HW/Preview Content\"";
				DEVELOPMENT_TEAM = UQ9MX864MH;
				ENABLE_PREVIEWS = YES;
				GENERATE_INFOPLIST_FILE = YES;
				INFOPLIST_KEY_UIApplicationSceneManifest_Generation = YES;
				INFOPLIST_KEY_UIApplicationSupportsIndirectInputEvents = YES;
				INFOPLIST_KEY_UILaunchScreen_Generation = YES;
				INFOPLIST_KEY_UISupportedInterfaceOrientations_iPad = "UIInterfaceOrientationPortrait UIInterfaceOrientationPortraitUpsideDown UIInterfaceOrientationLandscapeLeft UIInterfaceOrientationLandscapeRight";
				INFOPLIST_KEY_UISupportedInterfaceOrientations_iPhone = "UIInterfaceOrientationPortrait UIInterfaceOrientationLandscapeLeft UIInterfaceOrientationLandscapeRight";
				LD_RUNPATH_SEARCH_PATHS = (
					"$(inherited)",
					"@executable_path/Frameworks",
				);
				MARKETING_VERSION = 1.0;
				PRODUCT_BUNDLE_IDENTIFIER = com.zakk.AppSUI01HW;
				PRODUCT_NAME = "$(TARGET_NAME)";
				SWIFT_EMIT_LOC_STRINGS = YES;
				SWIFT_VERSION = 5.0;
				TARGETED_DEVICE_FAMILY = "1,2";
			};
			name = Release;
		};
/* End XCBuildConfiguration section */

/* Begin XCConfigurationList section */
		8C497968275957D50047D512 /* Build configuration list for PBXProject "AppSUI01HW" */ = {
			isa = XCConfigurationList;
			buildConfigurations = (
				8C497979275957D60047D512 /* Debug */,
				8C49797A275957D60047D512 /* Release */,
			);
			defaultConfigurationIsVisible = 0;
			defaultConfigurationName = Release;
		};
		8C49797B275957D60047D512 /* Build configuration list for PBXNativeTarget "AppSUI01HW" */ = {
			isa = XCConfigurationList;
			buildConfigurations = (
				8C49797C275957D60047D512 /* Debug */,
				8C49797D275957D60047D512 /* Release */,
			);
			defaultConfigurationIsVisible = 0;
			defaultConfigurationName = Release;
		};
/* End XCConfigurationList section */
	};
	rootObject = 8C497965275957D50047D512 /* Project object */;
}
